
Microsoft Visual Studio Solution File, Format Version 12.00
# Visual Studio 15
VisualStudioVersion = 15.0.28307.539
MinimumVisualStudioVersion = 10.0.40219.1
Project("{FAE04EC0-301F-11D3-BF4B-00C04F79EFBC}") = "Lesson2", "Lesson1\Lesson2.csproj", "{7BA156A0-8DA5-4E5B-B8EC-30601745A454}"
EndProject
Project("{FAE04EC0-301F-11D3-BF4B-00C04F79EFBC}") = "MailSenderLib", "MailSenderLib\MailSenderLib.csproj", "{38BC6249-6855-4B11-8AFD-7D2F483257E3}"
EndProject
Project("{FAE04EC0-301F-11D3-BF4B-00C04F79EFBC}") = "TestPicker", "TestPicker\TestPicker.csproj", "{F26C1FA4-B2B3-4535-9AC7-64CAA2D36D7A}"
EndProject
Project("{FAE04EC0-301F-11D3-BF4B-00C04F79EFBC}") = "MailSender.Lib.Tests", "MailSender.Lib.Tests\MailSender.Lib.Tests.csproj", "{988564EA-9282-4AB9-BED3-1977A75B141F}"
EndProject
Project("{FAE04EC0-301F-11D3-BF4B-00C04F79EFBC}") = "MultiThread", "MultiThread\MultiThread.csproj", "{C71EBA1F-6C37-4267-9FB7-EB862CFD2029}"
EndProject
Project("{FAE04EC0-301F-11D3-BF4B-00C04F79EFBC}") = "csvParser", "csvParser\csvParser.csproj", "{6906893C-D37A-4423-B1F3-32390168A902}"
EndProject
Project("{FAE04EC0-301F-11D3-BF4B-00C04F79EFBC}") = "ThreadFileReader", "ThreadFileReader\ThreadFileReader.csproj", "{5D0024A1-E891-4D1E-B5E2-85C9D02C10C7}"
EndProject
Global
	GlobalSection(SolutionConfigurationPlatforms) = preSolution
		Debug|Any CPU = Debug|Any CPU
		Debug|ARM = Debug|ARM
		Debug|ARM64 = Debug|ARM64
		Debug|x64 = Debug|x64
		Debug|x86 = Debug|x86
		Release|Any CPU = Release|Any CPU
		Release|ARM = Release|ARM
		Release|ARM64 = Release|ARM64
		Release|x64 = Release|x64
		Release|x86 = Release|x86
	EndGlobalSection
	GlobalSection(ProjectConfigurationPlatforms) = postSolution
		{7BA156A0-8DA5-4E5B-B8EC-30601745A454}.Debug|Any CPU.ActiveCfg = Debug|Any CPU
		{7BA156A0-8DA5-4E5B-B8EC-30601745A454}.Debug|Any CPU.Build.0 = Debug|Any CPU
		{7BA156A0-8DA5-4E5B-B8EC-30601745A454}.Debug|ARM.ActiveCfg = Debug|Any CPU
		{7BA156A0-8DA5-4E5B-B8EC-30601745A454}.Debug|ARM.Build.0 = Debug|Any CPU
		{7BA156A0-8DA5-4E5B-B8EC-30601745A454}.Debug|ARM64.ActiveCfg = Debug|Any CPU
		{7BA156A0-8DA5-4E5B-B8EC-30601745A454}.Debug|ARM64.Build.0 = Debug|Any CPU
		{7BA156A0-8DA5-4E5B-B8EC-30601745A454}.Debug|x64.ActiveCfg = Debug|Any CPU
		{7BA156A0-8DA5-4E5B-B8EC-30601745A454}.Debug|x64.Build.0 = Debug|Any CPU
		{7BA156A0-8DA5-4E5B-B8EC-30601745A454}.Debug|x86.ActiveCfg = Debug|Any CPU
		{7BA156A0-8DA5-4E5B-B8EC-30601745A454}.Debug|x86.Build.0 = Debug|Any CPU
		{7BA156A0-8DA5-4E5B-B8EC-30601745A454}.Release|Any CPU.ActiveCfg = Release|Any CPU
		{7BA156A0-8DA5-4E5B-B8EC-30601745A454}.Release|Any CPU.Build.0 = Release|Any CPU
		{7BA156A0-8DA5-4E5B-B8EC-30601745A454}.Release|ARM.ActiveCfg = Release|Any CPU
		{7BA156A0-8DA5-4E5B-B8EC-30601745A454}.Release|ARM.Build.0 = Release|Any CPU
		{7BA156A0-8DA5-4E5B-B8EC-30601745A454}.Release|ARM64.ActiveCfg = Release|Any CPU
		{7BA156A0-8DA5-4E5B-B8EC-30601745A454}.Release|ARM64.Build.0 = Release|Any CPU
		{7BA156A0-8DA5-4E5B-B8EC-30601745A454}.Release|x64.ActiveCfg = Release|Any CPU
		{7BA156A0-8DA5-4E5B-B8EC-30601745A454}.Release|x64.Build.0 = Release|Any CPU
		{7BA156A0-8DA5-4E5B-B8EC-30601745A454}.Release|x86.ActiveCfg = Release|Any CPU
		{7BA156A0-8DA5-4E5B-B8EC-30601745A454}.Release|x86.Build.0 = Release|Any CPU
		{38BC6249-6855-4B11-8AFD-7D2F483257E3}.Debug|Any CPU.ActiveCfg = Debug|Any CPU
		{38BC6249-6855-4B11-8AFD-7D2F483257E3}.Debug|Any CPU.Build.0 = Debug|Any CPU
		{38BC6249-6855-4B11-8AFD-7D2F483257E3}.Debug|ARM.ActiveCfg = Debug|Any CPU
		{38BC6249-6855-4B11-8AFD-7D2F483257E3}.Debug|ARM.Build.0 = Debug|Any CPU
		{38BC6249-6855-4B11-8AFD-7D2F483257E3}.Debug|ARM64.ActiveCfg = Debug|Any CPU
		{38BC6249-6855-4B11-8AFD-7D2F483257E3}.Debug|ARM64.Build.0 = Debug|Any CPU
		{38BC6249-6855-4B11-8AFD-7D2F483257E3}.Debug|x64.ActiveCfg = Debug|Any CPU
		{38BC6249-6855-4B11-8AFD-7D2F483257E3}.Debug|x64.Build.0 = Debug|Any CPU
		{38BC6249-6855-4B11-8AFD-7D2F483257E3}.Debug|x86.ActiveCfg = Debug|Any CPU
		{38BC6249-6855-4B11-8AFD-7D2F483257E3}.Debug|x86.Build.0 = Debug|Any CPU
		{38BC6249-6855-4B11-8AFD-7D2F483257E3}.Release|Any CPU.ActiveCfg = Release|Any CPU
		{38BC6249-6855-4B11-8AFD-7D2F483257E3}.Release|Any CPU.Build.0 = Release|Any CPU
		{38BC6249-6855-4B11-8AFD-7D2F483257E3}.Release|ARM.ActiveCfg = Release|Any CPU
		{38BC6249-6855-4B11-8AFD-7D2F483257E3}.Release|ARM.Build.0 = Release|Any CPU
		{38BC6249-6855-4B11-8AFD-7D2F483257E3}.Release|ARM64.ActiveCfg = Release|Any CPU
		{38BC6249-6855-4B11-8AFD-7D2F483257E3}.Release|ARM64.Build.0 = Release|Any CPU
		{38BC6249-6855-4B11-8AFD-7D2F483257E3}.Release|x64.ActiveCfg = Release|Any CPU
		{38BC6249-6855-4B11-8AFD-7D2F483257E3}.Release|x64.Build.0 = Release|Any CPU
		{38BC6249-6855-4B11-8AFD-7D2F483257E3}.Release|x86.ActiveCfg = Release|Any CPU
		{38BC6249-6855-4B11-8AFD-7D2F483257E3}.Release|x86.Build.0 = Release|Any CPU
		{F26C1FA4-B2B3-4535-9AC7-64CAA2D36D7A}.Debug|Any CPU.ActiveCfg = Debug|Any CPU
		{F26C1FA4-B2B3-4535-9AC7-64CAA2D36D7A}.Debug|Any CPU.Build.0 = Debug|Any CPU
		{F26C1FA4-B2B3-4535-9AC7-64CAA2D36D7A}.Debug|ARM.ActiveCfg = Debug|Any CPU
		{F26C1FA4-B2B3-4535-9AC7-64CAA2D36D7A}.Debug|ARM.Build.0 = Debug|Any CPU
		{F26C1FA4-B2B3-4535-9AC7-64CAA2D36D7A}.Debug|ARM64.ActiveCfg = Debug|Any CPU
		{F26C1FA4-B2B3-4535-9AC7-64CAA2D36D7A}.Debug|ARM64.Build.0 = Debug|Any CPU
		{F26C1FA4-B2B3-4535-9AC7-64CAA2D36D7A}.Debug|x64.ActiveCfg = Debug|Any CPU
		{F26C1FA4-B2B3-4535-9AC7-64CAA2D36D7A}.Debug|x64.Build.0 = Debug|Any CPU
		{F26C1FA4-B2B3-4535-9AC7-64CAA2D36D7A}.Debug|x86.ActiveCfg = Debug|Any CPU
		{F26C1FA4-B2B3-4535-9AC7-64CAA2D36D7A}.Debug|x86.Build.0 = Debug|Any CPU
		{F26C1FA4-B2B3-4535-9AC7-64CAA2D36D7A}.Release|Any CPU.ActiveCfg = Release|Any CPU
		{F26C1FA4-B2B3-4535-9AC7-64CAA2D36D7A}.Release|Any CPU.Build.0 = Release|Any CPU
		{F26C1FA4-B2B3-4535-9AC7-64CAA2D36D7A}.Release|ARM.ActiveCfg = Release|Any CPU
		{F26C1FA4-B2B3-4535-9AC7-64CAA2D36D7A}.Release|ARM.Build.0 = Release|Any CPU
		{F26C1FA4-B2B3-4535-9AC7-64CAA2D36D7A}.Release|ARM64.ActiveCfg = Release|Any CPU
		{F26C1FA4-B2B3-4535-9AC7-64CAA2D36D7A}.Release|ARM64.Build.0 = Release|Any CPU
		{F26C1FA4-B2B3-4535-9AC7-64CAA2D36D7A}.Release|x64.ActiveCfg = Release|Any CPU
		{F26C1FA4-B2B3-4535-9AC7-64CAA2D36D7A}.Release|x64.Build.0 = Release|Any CPU
		{F26C1FA4-B2B3-4535-9AC7-64CAA2D36D7A}.Release|x86.ActiveCfg = Release|Any CPU
		{F26C1FA4-B2B3-4535-9AC7-64CAA2D36D7A}.Release|x86.Build.0 = Release|Any CPU
		{988564EA-9282-4AB9-BED3-1977A75B141F}.Debug|Any CPU.ActiveCfg = Debug|Any CPU
		{988564EA-9282-4AB9-BED3-1977A75B141F}.Debug|Any CPU.Build.0 = Debug|Any CPU
		{988564EA-9282-4AB9-BED3-1977A75B141F}.Debug|ARM.ActiveCfg = Debug|Any CPU
		{988564EA-9282-4AB9-BED3-1977A75B141F}.Debug|ARM.Build.0 = Debug|Any CPU
		{988564EA-9282-4AB9-BED3-1977A75B141F}.Debug|ARM64.ActiveCfg = Debug|Any CPU
		{988564EA-9282-4AB9-BED3-1977A75B141F}.Debug|ARM64.Build.0 = Debug|Any CPU
		{988564EA-9282-4AB9-BED3-1977A75B141F}.Debug|x64.ActiveCfg = Debug|Any CPU
		{988564EA-9282-4AB9-BED3-1977A75B141F}.Debug|x64.Build.0 = Debug|Any CPU
		{988564EA-9282-4AB9-BED3-1977A75B141F}.Debug|x86.ActiveCfg = Debug|Any CPU
		{988564EA-9282-4AB9-BED3-1977A75B141F}.Debug|x86.Build.0 = Debug|Any CPU
		{988564EA-9282-4AB9-BED3-1977A75B141F}.Release|Any CPU.ActiveCfg = Release|Any CPU
		{988564EA-9282-4AB9-BED3-1977A75B141F}.Release|Any CPU.Build.0 = Release|Any CPU
		{988564EA-9282-4AB9-BED3-1977A75B141F}.Release|ARM.ActiveCfg = Release|Any CPU
		{988564EA-9282-4AB9-BED3-1977A75B141F}.Release|ARM.Build.0 = Release|Any CPU
		{988564EA-9282-4AB9-BED3-1977A75B141F}.Release|ARM64.ActiveCfg = Release|Any CPU
		{988564EA-9282-4AB9-BED3-1977A75B141F}.Release|ARM64.Build.0 = Release|Any CPU
		{988564EA-9282-4AB9-BED3-1977A75B141F}.Release|x64.ActiveCfg = Release|Any CPU
		{988564EA-9282-4AB9-BED3-1977A75B141F}.Release|x64.Build.0 = Release|Any CPU
		{988564EA-9282-4AB9-BED3-1977A75B141F}.Release|x86.ActiveCfg = Release|Any CPU
		{988564EA-9282-4AB9-BED3-1977A75B141F}.Release|x86.Build.0 = Release|Any CPU
		{C71EBA1F-6C37-4267-9FB7-EB862CFD2029}.Debug|Any CPU.ActiveCfg = Debug|Any CPU
		{C71EBA1F-6C37-4267-9FB7-EB862CFD2029}.Debug|Any CPU.Build.0 = Debug|Any CPU
		{C71EBA1F-6C37-4267-9FB7-EB862CFD2029}.Debug|ARM.ActiveCfg = Debug|Any CPU
		{C71EBA1F-6C37-4267-9FB7-EB862CFD2029}.Debug|ARM.Build.0 = Debug|Any CPU
		{C71EBA1F-6C37-4267-9FB7-EB862CFD2029}.Debug|ARM64.ActiveCfg = Debug|Any CPU
		{C71EBA1F-6C37-4267-9FB7-EB862CFD2029}.Debug|ARM64.Build.0 = Debug|Any CPU
		{C71EBA1F-6C37-4267-9FB7-EB862CFD2029}.Debug|x64.ActiveCfg = Debug|Any CPU
		{C71EBA1F-6C37-4267-9FB7-EB862CFD2029}.Debug|x64.Build.0 = Debug|Any CPU
		{C71EBA1F-6C37-4267-9FB7-EB862CFD2029}.Debug|x86.ActiveCfg = Debug|Any CPU
		{C71EBA1F-6C37-4267-9FB7-EB862CFD2029}.Debug|x86.Build.0 = Debug|Any CPU
		{C71EBA1F-6C37-4267-9FB7-EB862CFD2029}.Release|Any CPU.ActiveCfg = Release|Any CPU
		{C71EBA1F-6C37-4267-9FB7-EB862CFD2029}.Release|Any CPU.Build.0 = Release|Any CPU
		{C71EBA1F-6C37-4267-9FB7-EB862CFD2029}.Release|ARM.ActiveCfg = Release|Any CPU
		{C71EBA1F-6C37-4267-9FB7-EB862CFD2029}.Release|ARM.Build.0 = Release|Any CPU
		{C71EBA1F-6C37-4267-9FB7-EB862CFD2029}.Release|ARM64.ActiveCfg = Release|Any CPU
		{C71EBA1F-6C37-4267-9FB7-EB862CFD2029}.Release|ARM64.Build.0 = Release|Any CPU
		{C71EBA1F-6C37-4267-9FB7-EB862CFD2029}.Release|x64.ActiveCfg = Release|Any CPU
		{C71EBA1F-6C37-4267-9FB7-EB862CFD2029}.Release|x64.Build.0 = Release|Any CPU
		{C71EBA1F-6C37-4267-9FB7-EB862CFD2029}.Release|x86.ActiveCfg = Release|Any CPU
		{C71EBA1F-6C37-4267-9FB7-EB862CFD2029}.Release|x86.Build.0 = Release|Any CPU
		{6906893C-D37A-4423-B1F3-32390168A902}.Debug|Any CPU.ActiveCfg = Debug|Any CPU
		{6906893C-D37A-4423-B1F3-32390168A902}.Debug|Any CPU.Build.0 = Debug|Any CPU
		{6906893C-D37A-4423-B1F3-32390168A902}.Debug|ARM.ActiveCfg = Debug|Any CPU
		{6906893C-D37A-4423-B1F3-32390168A902}.Debug|ARM.Build.0 = Debug|Any CPU
		{6906893C-D37A-4423-B1F3-32390168A902}.Debug|ARM64.ActiveCfg = Debug|Any CPU
		{6906893C-D37A-4423-B1F3-32390168A902}.Debug|ARM64.Build.0 = Debug|Any CPU
		{6906893C-D37A-4423-B1F3-32390168A902}.Debug|x64.ActiveCfg = Debug|Any CPU
		{6906893C-D37A-4423-B1F3-32390168A902}.Debug|x64.Build.0 = Debug|Any CPU
		{6906893C-D37A-4423-B1F3-32390168A902}.Debug|x86.ActiveCfg = Debug|Any CPU
		{6906893C-D37A-4423-B1F3-32390168A902}.Debug|x86.Build.0 = Debug|Any CPU
		{6906893C-D37A-4423-B1F3-32390168A902}.Release|Any CPU.ActiveCfg = Release|Any CPU
		{6906893C-D37A-4423-B1F3-32390168A902}.Release|Any CPU.Build.0 = Release|Any CPU
		{6906893C-D37A-4423-B1F3-32390168A902}.Release|ARM.ActiveCfg = Release|Any CPU
		{6906893C-D37A-4423-B1F3-32390168A902}.Release|ARM.Build.0 = Release|Any CPU
		{6906893C-D37A-4423-B1F3-32390168A902}.Release|ARM64.ActiveCfg = Release|Any CPU
		{6906893C-D37A-4423-B1F3-32390168A902}.Release|ARM64.Build.0 = Release|Any CPU
		{6906893C-D37A-4423-B1F3-32390168A902}.Release|x64.ActiveCfg = Release|Any CPU
		{6906893C-D37A-4423-B1F3-32390168A902}.Release|x64.Build.0 = Release|Any CPU
		{6906893C-D37A-4423-B1F3-32390168A902}.Release|x86.ActiveCfg = Release|Any CPU
		{6906893C-D37A-4423-B1F3-32390168A902}.Release|x86.Build.0 = Release|Any CPU
		{5D0024A1-E891-4D1E-B5E2-85C9D02C10C7}.Debug|Any CPU.ActiveCfg = Debug|Any CPU
		{5D0024A1-E891-4D1E-B5E2-85C9D02C10C7}.Debug|Any CPU.Build.0 = Debug|Any CPU
		{5D0024A1-E891-4D1E-B5E2-85C9D02C10C7}.Debug|ARM.ActiveCfg = Debug|Any CPU
		{5D0024A1-E891-4D1E-B5E2-85C9D02C10C7}.Debug|ARM.Build.0 = Debug|Any CPU
		{5D0024A1-E891-4D1E-B5E2-85C9D02C10C7}.Debug|ARM64.ActiveCfg = Debug|Any CPU
		{5D0024A1-E891-4D1E-B5E2-85C9D02C10C7}.Debug|ARM64.Build.0 = Debug|Any CPU
		{5D0024A1-E891-4D1E-B5E2-85C9D02C10C7}.Debug|x64.ActiveCfg = Debug|Any CPU
		{5D0024A1-E891-4D1E-B5E2-85C9D02C10C7}.Debug|x64.Build.0 = Debug|Any CPU
		{5D0024A1-E891-4D1E-B5E2-85C9D02C10C7}.Debug|x86.ActiveCfg = Debug|Any CPU
		{5D0024A1-E891-4D1E-B5E2-85C9D02C10C7}.Debug|x86.Build.0 = Debug|Any CPU
		{5D0024A1-E891-4D1E-B5E2-85C9D02C10C7}.Release|Any CPU.ActiveCfg = Release|Any CPU
		{5D0024A1-E891-4D1E-B5E2-85C9D02C10C7}.Release|Any CPU.Build.0 = Release|Any CPU
		{5D0024A1-E891-4D1E-B5E2-85C9D02C10C7}.Release|ARM.ActiveCfg = Release|Any CPU
		{5D0024A1-E891-4D1E-B5E2-85C9D02C10C7}.Release|ARM.Build.0 = Release|Any CPU
		{5D0024A1-E891-4D1E-B5E2-85C9D02C10C7}.Release|ARM64.ActiveCfg = Release|Any CPU
		{5D0024A1-E891-4D1E-B5E2-85C9D02C10C7}.Release|ARM64.Build.0 = Release|Any CPU
		{5D0024A1-E891-4D1E-B5E2-85C9D02C10C7}.Release|x64.ActiveCfg = Release|Any CPU
		{5D0024A1-E891-4D1E-B5E2-85C9D02C10C7}.Release|x64.Build.0 = Release|Any CPU
		{5D0024A1-E891-4D1E-B5E2-85C9D02C10C7}.Release|x86.ActiveCfg = Release|Any CPU
		{5D0024A1-E891-4D1E-B5E2-85C9D02C10C7}.Release|x86.Build.0 = Release|Any CPU
	EndGlobalSection
	GlobalSection(SolutionProperties) = preSolution
		HideSolutionNode = FALSE
	EndGlobalSection
	GlobalSection(ExtensibilityGlobals) = postSolution
		SolutionGuid = {058760F2-0839-4428-874A-051C0B57D3DD}
	EndGlobalSection
EndGlobal
